
Microsoft Visual Studio Solution File, Format Version 12.00
# Visual Studio Version 17
VisualStudioVersion = 17.0.31903.59
MinimumVisualStudioVersion = 10.0.40219.1
Project("{FAE04EC0-301F-11D3-BF4B-00C04F79EFBC}") = "Solver", "Solver\Solver.csproj", "{13CD8137-7154-460E-9415-CE9FD5FB11E4}"
EndProject
Project("{FAE04EC0-301F-11D3-BF4B-00C04F79EFBC}") = "SolverTests", "SolverTests\SolverTests.csproj", "{42B83224-64E4-4B9A-9913-42C77E9F6B8E}"
EndProject
Global
	GlobalSection(SolutionConfigurationPlatforms) = preSolution
		Debug|Any CPU = Debug|Any CPU
		Release|Any CPU = Release|Any CPU
	EndGlobalSection
	GlobalSection(SolutionProperties) = preSolution
		HideSolutionNode = FALSE
	EndGlobalSection
	GlobalSection(ProjectConfigurationPlatforms) = postSolution
		{13CD8137-7154-460E-9415-CE9FD5FB11E4}.Debug|Any CPU.ActiveCfg = Debug|Any CPU
		{13CD8137-7154-460E-9415-CE9FD5FB11E4}.Debug|Any CPU.Build.0 = Debug|Any CPU
		{13CD8137-7154-460E-9415-CE9FD5FB11E4}.Release|Any CPU.ActiveCfg = Release|Any CPU
		{13CD8137-7154-460E-9415-CE9FD5FB11E4}.Release|Any CPU.Build.0 = Release|Any CPU
		{42B83224-64E4-4B9A-9913-42C77E9F6B8E}.Debug|Any CPU.ActiveCfg = Debug|Any CPU
		{42B83224-64E4-4B9A-9913-42C77E9F6B8E}.Debug|Any CPU.Build.0 = Debug|Any CPU
		{42B83224-64E4-4B9A-9913-42C77E9F6B8E}.Release|Any CPU.ActiveCfg = Release|Any CPU
		{42B83224-64E4-4B9A-9913-42C77E9F6B8E}.Release|Any CPU.Build.0 = Release|Any CPU
	EndGlobalSection
EndGlobal
