
Microsoft Visual Studio Solution File, Format Version 12.00
# Visual Studio Version 17
VisualStudioVersion = 17.0.31903.59
MinimumVisualStudioVersion = 10.0.40219.1
Project("{FAE04EC0-301F-11D3-BF4B-00C04F79EFBC}") = "Solver", "Solver\Solver.csproj", "{F1D8CC32-2C72-4B95-9E79-E0BD5DC857E7}"
EndProject
Project("{FAE04EC0-301F-11D3-BF4B-00C04F79EFBC}") = "SolverTests", "SolverTests\SolverTests.csproj", "{8EAB1C14-30F2-4874-81FF-2D208C5F9AB0}"
EndProject
Global
	GlobalSection(SolutionConfigurationPlatforms) = preSolution
		Debug|Any CPU = Debug|Any CPU
		Release|Any CPU = Release|Any CPU
	EndGlobalSection
	GlobalSection(SolutionProperties) = preSolution
		HideSolutionNode = FALSE
	EndGlobalSection
	GlobalSection(ProjectConfigurationPlatforms) = postSolution
		{F1D8CC32-2C72-4B95-9E79-E0BD5DC857E7}.Debug|Any CPU.ActiveCfg = Debug|Any CPU
		{F1D8CC32-2C72-4B95-9E79-E0BD5DC857E7}.Debug|Any CPU.Build.0 = Debug|Any CPU
		{F1D8CC32-2C72-4B95-9E79-E0BD5DC857E7}.Release|Any CPU.ActiveCfg = Release|Any CPU
		{F1D8CC32-2C72-4B95-9E79-E0BD5DC857E7}.Release|Any CPU.Build.0 = Release|Any CPU
		{8EAB1C14-30F2-4874-81FF-2D208C5F9AB0}.Debug|Any CPU.ActiveCfg = Debug|Any CPU
		{8EAB1C14-30F2-4874-81FF-2D208C5F9AB0}.Debug|Any CPU.Build.0 = Debug|Any CPU
		{8EAB1C14-30F2-4874-81FF-2D208C5F9AB0}.Release|Any CPU.ActiveCfg = Release|Any CPU
		{8EAB1C14-30F2-4874-81FF-2D208C5F9AB0}.Release|Any CPU.Build.0 = Release|Any CPU
	EndGlobalSection
EndGlobal
