
Microsoft Visual Studio Solution File, Format Version 12.00
# Visual Studio Version 17
VisualStudioVersion = 17.0.31903.59
MinimumVisualStudioVersion = 10.0.40219.1
Project("{FAE04EC0-301F-11D3-BF4B-00C04F79EFBC}") = "Solver", "Solver\Solver.csproj", "{CE6F7918-B05A-4F90-877B-D771A680B6C6}"
EndProject
Project("{FAE04EC0-301F-11D3-BF4B-00C04F79EFBC}") = "SolverTests", "SolverTests\SolverTests.csproj", "{D33F62F7-98B1-473A-B931-ED0A6CAFB8C5}"
EndProject
Global
	GlobalSection(SolutionConfigurationPlatforms) = preSolution
		Debug|Any CPU = Debug|Any CPU
		Release|Any CPU = Release|Any CPU
	EndGlobalSection
	GlobalSection(SolutionProperties) = preSolution
		HideSolutionNode = FALSE
	EndGlobalSection
	GlobalSection(ProjectConfigurationPlatforms) = postSolution
		{CE6F7918-B05A-4F90-877B-D771A680B6C6}.Debug|Any CPU.ActiveCfg = Debug|Any CPU
		{CE6F7918-B05A-4F90-877B-D771A680B6C6}.Debug|Any CPU.Build.0 = Debug|Any CPU
		{CE6F7918-B05A-4F90-877B-D771A680B6C6}.Release|Any CPU.ActiveCfg = Release|Any CPU
		{CE6F7918-B05A-4F90-877B-D771A680B6C6}.Release|Any CPU.Build.0 = Release|Any CPU
		{D33F62F7-98B1-473A-B931-ED0A6CAFB8C5}.Debug|Any CPU.ActiveCfg = Debug|Any CPU
		{D33F62F7-98B1-473A-B931-ED0A6CAFB8C5}.Debug|Any CPU.Build.0 = Debug|Any CPU
		{D33F62F7-98B1-473A-B931-ED0A6CAFB8C5}.Release|Any CPU.ActiveCfg = Release|Any CPU
		{D33F62F7-98B1-473A-B931-ED0A6CAFB8C5}.Release|Any CPU.Build.0 = Release|Any CPU
	EndGlobalSection
EndGlobal
