
Microsoft Visual Studio Solution File, Format Version 12.00
# Visual Studio Version 17
VisualStudioVersion = 17.0.31903.59
MinimumVisualStudioVersion = 10.0.40219.1
Project("{FAE04EC0-301F-11D3-BF4B-00C04F79EFBC}") = "Solver", "Solver\Solver.csproj", "{1F3920A1-ECD8-4710-9B82-F2AC14ABD2AD}"
EndProject
Project("{FAE04EC0-301F-11D3-BF4B-00C04F79EFBC}") = "SolverTests", "SolverTests\SolverTests.csproj", "{29CC3CAA-0DC6-4DD0-97F9-AE732EA4629B}"
EndProject
Global
	GlobalSection(SolutionConfigurationPlatforms) = preSolution
		Debug|Any CPU = Debug|Any CPU
		Release|Any CPU = Release|Any CPU
	EndGlobalSection
	GlobalSection(SolutionProperties) = preSolution
		HideSolutionNode = FALSE
	EndGlobalSection
	GlobalSection(ProjectConfigurationPlatforms) = postSolution
		{1F3920A1-ECD8-4710-9B82-F2AC14ABD2AD}.Debug|Any CPU.ActiveCfg = Debug|Any CPU
		{1F3920A1-ECD8-4710-9B82-F2AC14ABD2AD}.Debug|Any CPU.Build.0 = Debug|Any CPU
		{1F3920A1-ECD8-4710-9B82-F2AC14ABD2AD}.Release|Any CPU.ActiveCfg = Release|Any CPU
		{1F3920A1-ECD8-4710-9B82-F2AC14ABD2AD}.Release|Any CPU.Build.0 = Release|Any CPU
		{29CC3CAA-0DC6-4DD0-97F9-AE732EA4629B}.Debug|Any CPU.ActiveCfg = Debug|Any CPU
		{29CC3CAA-0DC6-4DD0-97F9-AE732EA4629B}.Debug|Any CPU.Build.0 = Debug|Any CPU
		{29CC3CAA-0DC6-4DD0-97F9-AE732EA4629B}.Release|Any CPU.ActiveCfg = Release|Any CPU
		{29CC3CAA-0DC6-4DD0-97F9-AE732EA4629B}.Release|Any CPU.Build.0 = Release|Any CPU
	EndGlobalSection
EndGlobal
