
Microsoft Visual Studio Solution File, Format Version 12.00
# Visual Studio Version 17
VisualStudioVersion = 17.0.31903.59
MinimumVisualStudioVersion = 10.0.40219.1
Project("{FAE04EC0-301F-11D3-BF4B-00C04F79EFBC}") = "Solver", "Solver\Solver.csproj", "{787FC8E2-0773-43BA-9A99-534069AF2579}"
EndProject
Project("{FAE04EC0-301F-11D3-BF4B-00C04F79EFBC}") = "SolverTests", "SolverTests\SolverTests.csproj", "{031E9A55-43CA-4437-B917-B967D48F28CD}"
EndProject
Global
	GlobalSection(SolutionConfigurationPlatforms) = preSolution
		Debug|Any CPU = Debug|Any CPU
		Release|Any CPU = Release|Any CPU
	EndGlobalSection
	GlobalSection(SolutionProperties) = preSolution
		HideSolutionNode = FALSE
	EndGlobalSection
	GlobalSection(ProjectConfigurationPlatforms) = postSolution
		{787FC8E2-0773-43BA-9A99-534069AF2579}.Debug|Any CPU.ActiveCfg = Debug|Any CPU
		{787FC8E2-0773-43BA-9A99-534069AF2579}.Debug|Any CPU.Build.0 = Debug|Any CPU
		{787FC8E2-0773-43BA-9A99-534069AF2579}.Release|Any CPU.ActiveCfg = Release|Any CPU
		{787FC8E2-0773-43BA-9A99-534069AF2579}.Release|Any CPU.Build.0 = Release|Any CPU
		{031E9A55-43CA-4437-B917-B967D48F28CD}.Debug|Any CPU.ActiveCfg = Debug|Any CPU
		{031E9A55-43CA-4437-B917-B967D48F28CD}.Debug|Any CPU.Build.0 = Debug|Any CPU
		{031E9A55-43CA-4437-B917-B967D48F28CD}.Release|Any CPU.ActiveCfg = Release|Any CPU
		{031E9A55-43CA-4437-B917-B967D48F28CD}.Release|Any CPU.Build.0 = Release|Any CPU
	EndGlobalSection
EndGlobal
