
Microsoft Visual Studio Solution File, Format Version 12.00
# Visual Studio Version 17
VisualStudioVersion = 17.0.31903.59
MinimumVisualStudioVersion = 10.0.40219.1
Project("{FAE04EC0-301F-11D3-BF4B-00C04F79EFBC}") = "Solver", "Solver\Solver.csproj", "{9CAA82C1-C31C-4058-9660-B38E51388529}"
EndProject
Project("{FAE04EC0-301F-11D3-BF4B-00C04F79EFBC}") = "SolverTests", "SolverTests\SolverTests.csproj", "{7D3786AA-AB48-468D-9117-5C8B894ADCA5}"
EndProject
Global
	GlobalSection(SolutionConfigurationPlatforms) = preSolution
		Debug|Any CPU = Debug|Any CPU
		Release|Any CPU = Release|Any CPU
	EndGlobalSection
	GlobalSection(SolutionProperties) = preSolution
		HideSolutionNode = FALSE
	EndGlobalSection
	GlobalSection(ProjectConfigurationPlatforms) = postSolution
		{9CAA82C1-C31C-4058-9660-B38E51388529}.Debug|Any CPU.ActiveCfg = Debug|Any CPU
		{9CAA82C1-C31C-4058-9660-B38E51388529}.Debug|Any CPU.Build.0 = Debug|Any CPU
		{9CAA82C1-C31C-4058-9660-B38E51388529}.Release|Any CPU.ActiveCfg = Release|Any CPU
		{9CAA82C1-C31C-4058-9660-B38E51388529}.Release|Any CPU.Build.0 = Release|Any CPU
		{7D3786AA-AB48-468D-9117-5C8B894ADCA5}.Debug|Any CPU.ActiveCfg = Debug|Any CPU
		{7D3786AA-AB48-468D-9117-5C8B894ADCA5}.Debug|Any CPU.Build.0 = Debug|Any CPU
		{7D3786AA-AB48-468D-9117-5C8B894ADCA5}.Release|Any CPU.ActiveCfg = Release|Any CPU
		{7D3786AA-AB48-468D-9117-5C8B894ADCA5}.Release|Any CPU.Build.0 = Release|Any CPU
	EndGlobalSection
EndGlobal
